// !$*UTF8*$!
{
	archiveVersion = 1;
	classes = {
	};
	objectVersion = 56;
	objects = {

/* Begin PBXBuildFile section */
		2F153F682B711C1800B87430 /* AppDelegate.swift in Sources */ = {isa = PBXBuildFile; fileRef = 2F153F672B711C1800B87430 /* AppDelegate.swift */; };
		2F153F6A2B711C1800B87430 /* SceneDelegate.swift in Sources */ = {isa = PBXBuildFile; fileRef = 2F153F692B711C1800B87430 /* SceneDelegate.swift */; };
		2F153F6C2B711C1800B87430 /* ViewController.swift in Sources */ = {isa = PBXBuildFile; fileRef = 2F153F6B2B711C1800B87430 /* ViewController.swift */; };
		2F153F6F2B711C1800B87430 /* Main.storyboard in Resources */ = {isa = PBXBuildFile; fileRef = 2F153F6D2B711C1800B87430 /* Main.storyboard */; };
		2F153F712B711C1900B87430 /* Assets.xcassets in Resources */ = {isa = PBXBuildFile; fileRef = 2F153F702B711C1900B87430 /* Assets.xcassets */; };
		2F153F742B711C1900B87430 /* LaunchScreen.storyboard in Resources */ = {isa = PBXBuildFile; fileRef = 2F153F722B711C1900B87430 /* LaunchScreen.storyboard */; };
		2F153F7D2B711E4900B87430 /* ServerSocket.swift in Sources */ = {isa = PBXBuildFile; fileRef = 2F153F7C2B711E4900B87430 /* ServerSocket.swift */; };
		2F30B29A2B725B8400AB8496 /* MyLogger.swift in Sources */ = {isa = PBXBuildFile; fileRef = 2F30B2992B725B8400AB8496 /* MyLogger.swift */; };
		2F30B29D2B725E6700AB8496 /* SocketError.swift in Sources */ = {isa = PBXBuildFile; fileRef = 2F30B29C2B725E6600AB8496 /* SocketError.swift */; };
		2F30B29F2B72606900AB8496 /* ClientSocket.swift in Sources */ = {isa = PBXBuildFile; fileRef = 2F30B29E2B72606900AB8496 /* ClientSocket.swift */; };
		2F4D99D12BEBC4C70097DE5C /* SocketRequestParser.swift in Sources */ = {isa = PBXBuildFile; fileRef = 2F4D99D02BEBC4C70097DE5C /* SocketRequestParser.swift */; };
		2F4D99D42BEBC5120097DE5C /* SocketRequest.swift in Sources */ = {isa = PBXBuildFile; fileRef = 2F4D99D32BEBC5120097DE5C /* SocketRequest.swift */; };
		2F590C7A2BE292F8000BBACE /* ProxyHTTPServer.swift in Sources */ = {isa = PBXBuildFile; fileRef = 2F590C792BE292F8000BBACE /* ProxyHTTPServer.swift */; };
		2FA627EE2BE7F77D0044272C /* ProxyServerError.swift in Sources */ = {isa = PBXBuildFile; fileRef = 2FA627ED2BE7F77D0044272C /* ProxyServerError.swift */; };
		2FA627F12BE7F9720044272C /* ReverserProxyUrlMaker.swift in Sources */ = {isa = PBXBuildFile; fileRef = 2FA627F02BE7F9720044272C /* ReverserProxyUrlMaker.swift */; };
		2FA627F92BE7FB9E0044272C /* SimpleInAppProxyServerTests.swift in Sources */ = {isa = PBXBuildFile; fileRef = 2FA627F82BE7FB9E0044272C /* SimpleInAppProxyServerTests.swift */; };
		2FA628002BE7FF700044272C /* HLSParser.swift in Sources */ = {isa = PBXBuildFile; fileRef = 2FA627FF2BE7FF700044272C /* HLSParser.swift */; };
/* End PBXBuildFile section */

/* Begin PBXContainerItemProxy section */
		2FA627FA2BE7FB9E0044272C /* PBXContainerItemProxy */ = {
			isa = PBXContainerItemProxy;
			containerPortal = 2F153F5C2B711C1800B87430 /* Project object */;
			proxyType = 1;
			remoteGlobalIDString = 2F153F632B711C1800B87430;
			remoteInfo = SimpleInAppProxyServer;
		};
/* End PBXContainerItemProxy section */

/* Begin PBXFileReference section */
		2F153F642B711C1800B87430 /* SimpleInAppProxyServer.app */ = {isa = PBXFileReference; explicitFileType = wrapper.application; includeInIndex = 0; path = SimpleInAppProxyServer.app; sourceTree = BUILT_PRODUCTS_DIR; };
		2F153F672B711C1800B87430 /* AppDelegate.swift */ = {isa = PBXFileReference; lastKnownFileType = sourcecode.swift; path = AppDelegate.swift; sourceTree = "<group>"; };
		2F153F692B711C1800B87430 /* SceneDelegate.swift */ = {isa = PBXFileReference; lastKnownFileType = sourcecode.swift; path = SceneDelegate.swift; sourceTree = "<group>"; };
		2F153F6B2B711C1800B87430 /* ViewController.swift */ = {isa = PBXFileReference; lastKnownFileType = sourcecode.swift; path = ViewController.swift; sourceTree = "<group>"; };
		2F153F6E2B711C1800B87430 /* Base */ = {isa = PBXFileReference; lastKnownFileType = file.storyboard; name = Base; path = Base.lproj/Main.storyboard; sourceTree = "<group>"; };
		2F153F702B711C1900B87430 /* Assets.xcassets */ = {isa = PBXFileReference; lastKnownFileType = folder.assetcatalog; path = Assets.xcassets; sourceTree = "<group>"; };
		2F153F732B711C1900B87430 /* Base */ = {isa = PBXFileReference; lastKnownFileType = file.storyboard; name = Base; path = Base.lproj/LaunchScreen.storyboard; sourceTree = "<group>"; };
		2F153F752B711C1900B87430 /* Info.plist */ = {isa = PBXFileReference; lastKnownFileType = text.plist.xml; path = Info.plist; sourceTree = "<group>"; };
		2F153F7C2B711E4900B87430 /* ServerSocket.swift */ = {isa = PBXFileReference; lastKnownFileType = sourcecode.swift; path = ServerSocket.swift; sourceTree = "<group>"; };
		2F30B2992B725B8400AB8496 /* MyLogger.swift */ = {isa = PBXFileReference; lastKnownFileType = sourcecode.swift; path = MyLogger.swift; sourceTree = "<group>"; };
		2F30B29C2B725E6600AB8496 /* SocketError.swift */ = {isa = PBXFileReference; lastKnownFileType = sourcecode.swift; path = SocketError.swift; sourceTree = "<group>"; };
		2F30B29E2B72606900AB8496 /* ClientSocket.swift */ = {isa = PBXFileReference; lastKnownFileType = sourcecode.swift; path = ClientSocket.swift; sourceTree = "<group>"; };
		2F4D99D02BEBC4C70097DE5C /* SocketRequestParser.swift */ = {isa = PBXFileReference; lastKnownFileType = sourcecode.swift; path = SocketRequestParser.swift; sourceTree = "<group>"; };
		2F4D99D32BEBC5120097DE5C /* SocketRequest.swift */ = {isa = PBXFileReference; lastKnownFileType = sourcecode.swift; path = SocketRequest.swift; sourceTree = "<group>"; };
		2F590C792BE292F8000BBACE /* ProxyHTTPServer.swift */ = {isa = PBXFileReference; lastKnownFileType = sourcecode.swift; path = ProxyHTTPServer.swift; sourceTree = "<group>"; };
		2FA627ED2BE7F77D0044272C /* ProxyServerError.swift */ = {isa = PBXFileReference; lastKnownFileType = sourcecode.swift; path = ProxyServerError.swift; sourceTree = "<group>"; };
		2FA627F02BE7F9720044272C /* ReverserProxyUrlMaker.swift */ = {isa = PBXFileReference; lastKnownFileType = sourcecode.swift; path = ReverserProxyUrlMaker.swift; sourceTree = "<group>"; };
		2FA627F62BE7FB9E0044272C /* SimpleInAppProxyServerTests.xctest */ = {isa = PBXFileReference; explicitFileType = wrapper.cfbundle; includeInIndex = 0; path = SimpleInAppProxyServerTests.xctest; sourceTree = BUILT_PRODUCTS_DIR; };
		2FA627F82BE7FB9E0044272C /* SimpleInAppProxyServerTests.swift */ = {isa = PBXFileReference; lastKnownFileType = sourcecode.swift; path = SimpleInAppProxyServerTests.swift; sourceTree = "<group>"; };
		2FA627FF2BE7FF700044272C /* HLSParser.swift */ = {isa = PBXFileReference; lastKnownFileType = sourcecode.swift; path = HLSParser.swift; sourceTree = "<group>"; };
/* End PBXFileReference section */

/* Begin PBXFrameworksBuildPhase section */
		2F153F612B711C1800B87430 /* Frameworks */ = {
			isa = PBXFrameworksBuildPhase;
			buildActionMask = 2147483647;
			files = (
			);
			runOnlyForDeploymentPostprocessing = 0;
		};
		2FA627F32BE7FB9E0044272C /* Frameworks */ = {
			isa = PBXFrameworksBuildPhase;
			buildActionMask = 2147483647;
			files = (
			);
			runOnlyForDeploymentPostprocessing = 0;
		};
/* End PBXFrameworksBuildPhase section */

/* Begin PBXGroup section */
		2F153F5B2B711C1800B87430 = {
			isa = PBXGroup;
			children = (
				2F153F662B711C1800B87430 /* SimpleInAppProxyServer */,
				2FA627F72BE7FB9E0044272C /* SimpleInAppProxyServerTests */,
				2F153F652B711C1800B87430 /* Products */,
			);
			sourceTree = "<group>";
		};
		2F153F652B711C1800B87430 /* Products */ = {
			isa = PBXGroup;
			children = (
				2F153F642B711C1800B87430 /* SimpleInAppProxyServer.app */,
				2FA627F62BE7FB9E0044272C /* SimpleInAppProxyServerTests.xctest */,
			);
			name = Products;
			sourceTree = "<group>";
		};
		2F153F662B711C1800B87430 /* SimpleInAppProxyServer */ = {
			isa = PBXGroup;
			children = (
				2F4D99D22BEBC5090097DE5C /* Model */,
				2FA627EF2BE7F9460044272C /* Helper */,
				2F590C782BE292EC000BBACE /* ProxyHTTPServer */,
				2F30B29B2B725E5E00AB8496 /* Error */,
				2F30B2982B725B3200AB8496 /* Util */,
				2F153F7B2B711E4000B87430 /* Sockets */,
				2F153F672B711C1800B87430 /* AppDelegate.swift */,
				2F153F692B711C1800B87430 /* SceneDelegate.swift */,
				2F153F6B2B711C1800B87430 /* ViewController.swift */,
				2F153F6D2B711C1800B87430 /* Main.storyboard */,
				2F153F702B711C1900B87430 /* Assets.xcassets */,
				2F153F722B711C1900B87430 /* LaunchScreen.storyboard */,
				2F153F752B711C1900B87430 /* Info.plist */,
			);
			path = SimpleInAppProxyServer;
			sourceTree = "<group>";
		};
		2F153F7B2B711E4000B87430 /* Sockets */ = {
			isa = PBXGroup;
			children = (
				2F153F7C2B711E4900B87430 /* ServerSocket.swift */,
				2F30B29E2B72606900AB8496 /* ClientSocket.swift */,
			);
			path = Sockets;
			sourceTree = "<group>";
		};
		2F30B2982B725B3200AB8496 /* Util */ = {
			isa = PBXGroup;
			children = (
				2F30B2992B725B8400AB8496 /* MyLogger.swift */,
				2F4D99D02BEBC4C70097DE5C /* SocketRequestParser.swift */,
			);
			path = Util;
			sourceTree = "<group>";
		};
		2F30B29B2B725E5E00AB8496 /* Error */ = {
			isa = PBXGroup;
			children = (
				2F30B29C2B725E6600AB8496 /* SocketError.swift */,
				2FA627ED2BE7F77D0044272C /* ProxyServerError.swift */,
			);
			path = Error;
			sourceTree = "<group>";
		};
		2F4D99D22BEBC5090097DE5C /* Model */ = {
			isa = PBXGroup;
			children = (
				2F4D99D32BEBC5120097DE5C /* SocketRequest.swift */,
			);
			path = Model;
			sourceTree = "<group>";
		};
		2F590C782BE292EC000BBACE /* ProxyHTTPServer */ = {
			isa = PBXGroup;
			children = (
				2F590C792BE292F8000BBACE /* ProxyHTTPServer.swift */,
			);
			path = ProxyHTTPServer;
			sourceTree = "<group>";
		};
		2FA627EF2BE7F9460044272C /* Helper */ = {
			isa = PBXGroup;
			children = (
				2FA627F02BE7F9720044272C /* ReverserProxyUrlMaker.swift */,
				2FA627FF2BE7FF700044272C /* HLSParser.swift */,
			);
			path = Helper;
			sourceTree = "<group>";
		};
		2FA627F72BE7FB9E0044272C /* SimpleInAppProxyServerTests */ = {
			isa = PBXGroup;
			children = (
				2FA627F82BE7FB9E0044272C /* SimpleInAppProxyServerTests.swift */,
			);
			path = SimpleInAppProxyServerTests;
			sourceTree = "<group>";
		};
/* End PBXGroup section */

/* Begin PBXNativeTarget section */
		2F153F632B711C1800B87430 /* SimpleInAppProxyServer */ = {
			isa = PBXNativeTarget;
			buildConfigurationList = 2F153F782B711C1900B87430 /* Build configuration list for PBXNativeTarget "SimpleInAppProxyServer" */;
			buildPhases = (
				2F153F602B711C1800B87430 /* Sources */,
				2F153F612B711C1800B87430 /* Frameworks */,
				2F153F622B711C1800B87430 /* Resources */,
			);
			buildRules = (
			);
			dependencies = (
			);
			name = SimpleInAppProxyServer;
			productName = SimpleInAppProxyServer;
			productReference = 2F153F642B711C1800B87430 /* SimpleInAppProxyServer.app */;
			productType = "com.apple.product-type.application";
		};
		2FA627F52BE7FB9E0044272C /* SimpleInAppProxyServerTests */ = {
			isa = PBXNativeTarget;
			buildConfigurationList = 2FA627FC2BE7FB9E0044272C /* Build configuration list for PBXNativeTarget "SimpleInAppProxyServerTests" */;
			buildPhases = (
				2FA627F22BE7FB9E0044272C /* Sources */,
				2FA627F32BE7FB9E0044272C /* Frameworks */,
				2FA627F42BE7FB9E0044272C /* Resources */,
			);
			buildRules = (
			);
			dependencies = (
				2FA627FB2BE7FB9E0044272C /* PBXTargetDependency */,
			);
			name = SimpleInAppProxyServerTests;
			productName = SimpleInAppProxyServerTests;
			productReference = 2FA627F62BE7FB9E0044272C /* SimpleInAppProxyServerTests.xctest */;
			productType = "com.apple.product-type.bundle.unit-test";
		};
/* End PBXNativeTarget section */

/* Begin PBXProject section */
		2F153F5C2B711C1800B87430 /* Project object */ = {
			isa = PBXProject;
			attributes = {
				BuildIndependentTargetsInParallel = 1;
				LastSwiftUpdateCheck = 1530;
				LastUpgradeCheck = 1420;
				TargetAttributes = {
					2F153F632B711C1800B87430 = {
						CreatedOnToolsVersion = 14.2;
					};
					2FA627F52BE7FB9E0044272C = {
						CreatedOnToolsVersion = 15.3;
						TestTargetID = 2F153F632B711C1800B87430;
					};
				};
			};
			buildConfigurationList = 2F153F5F2B711C1800B87430 /* Build configuration list for PBXProject "SimpleInAppProxyServer" */;
			compatibilityVersion = "Xcode 14.0";
			developmentRegion = en;
			hasScannedForEncodings = 0;
			knownRegions = (
				en,
				Base,
			);
			mainGroup = 2F153F5B2B711C1800B87430;
			productRefGroup = 2F153F652B711C1800B87430 /* Products */;
			projectDirPath = "";
			projectRoot = "";
			targets = (
				2F153F632B711C1800B87430 /* SimpleInAppProxyServer */,
				2FA627F52BE7FB9E0044272C /* SimpleInAppProxyServerTests */,
			);
		};
/* End PBXProject section */

/* Begin PBXResourcesBuildPhase section */
		2F153F622B711C1800B87430 /* Resources */ = {
			isa = PBXResourcesBuildPhase;
			buildActionMask = 2147483647;
			files = (
				2F153F742B711C1900B87430 /* LaunchScreen.storyboard in Resources */,
				2F153F712B711C1900B87430 /* Assets.xcassets in Resources */,
				2F153F6F2B711C1800B87430 /* Main.storyboard in Resources */,
			);
			runOnlyForDeploymentPostprocessing = 0;
		};
		2FA627F42BE7FB9E0044272C /* Resources */ = {
			isa = PBXResourcesBuildPhase;
			buildActionMask = 2147483647;
			files = (
			);
			runOnlyForDeploymentPostprocessing = 0;
		};
/* End PBXResourcesBuildPhase section */

/* Begin PBXSourcesBuildPhase section */
		2F153F602B711C1800B87430 /* Sources */ = {
			isa = PBXSourcesBuildPhase;
			buildActionMask = 2147483647;
			files = (
				2F153F6C2B711C1800B87430 /* ViewController.swift in Sources */,
				2FA627EE2BE7F77D0044272C /* ProxyServerError.swift in Sources */,
				2F4D99D42BEBC5120097DE5C /* SocketRequest.swift in Sources */,
				2F30B29F2B72606900AB8496 /* ClientSocket.swift in Sources */,
				2F153F7D2B711E4900B87430 /* ServerSocket.swift in Sources */,
				2F590C7A2BE292F8000BBACE /* ProxyHTTPServer.swift in Sources */,
				2F30B29A2B725B8400AB8496 /* MyLogger.swift in Sources */,
				2F30B29D2B725E6700AB8496 /* SocketError.swift in Sources */,
				2F153F682B711C1800B87430 /* AppDelegate.swift in Sources */,
				2F153F6A2B711C1800B87430 /* SceneDelegate.swift in Sources */,
				2FA627F12BE7F9720044272C /* ReverserProxyUrlMaker.swift in Sources */,
				2FA628002BE7FF700044272C /* HLSParser.swift in Sources */,
				2F4D99D12BEBC4C70097DE5C /* SocketRequestParser.swift in Sources */,
			);
			runOnlyForDeploymentPostprocessing = 0;
		};
		2FA627F22BE7FB9E0044272C /* Sources */ = {
			isa = PBXSourcesBuildPhase;
			buildActionMask = 2147483647;
			files = (
				2FA627F92BE7FB9E0044272C /* SimpleInAppProxyServerTests.swift in Sources */,
			);
			runOnlyForDeploymentPostprocessing = 0;
		};
/* End PBXSourcesBuildPhase section */

/* Begin PBXTargetDependency section */
		2FA627FB2BE7FB9E0044272C /* PBXTargetDependency */ = {
			isa = PBXTargetDependency;
			target = 2F153F632B711C1800B87430 /* SimpleInAppProxyServer */;
			targetProxy = 2FA627FA2BE7FB9E0044272C /* PBXContainerItemProxy */;
		};
/* End PBXTargetDependency section */

/* Begin PBXVariantGroup section */
		2F153F6D2B711C1800B87430 /* Main.storyboard */ = {
			isa = PBXVariantGroup;
			children = (
				2F153F6E2B711C1800B87430 /* Base */,
			);
			name = Main.storyboard;
			sourceTree = "<group>";
		};
		2F153F722B711C1900B87430 /* LaunchScreen.storyboard */ = {
			isa = PBXVariantGroup;
			children = (
				2F153F732B711C1900B87430 /* Base */,
			);
			name = LaunchScreen.storyboard;
			sourceTree = "<group>";
		};
/* End PBXVariantGroup section */

/* Begin XCBuildConfiguration section */
		2F153F762B711C1900B87430 /* Debug */ = {
			isa = XCBuildConfiguration;
			buildSettings = {
				ALWAYS_SEARCH_USER_PATHS = NO;
				CLANG_ANALYZER_NONNULL = YES;
				CLANG_ANALYZER_NUMBER_OBJECT_CONVERSION = YES_AGGRESSIVE;
				CLANG_CXX_LANGUAGE_STANDARD = "gnu++20";
				CLANG_ENABLE_MODULES = YES;
				CLANG_ENABLE_OBJC_ARC = YES;
				CLANG_ENABLE_OBJC_WEAK = YES;
				CLANG_WARN_BLOCK_CAPTURE_AUTORELEASING = YES;
				CLANG_WARN_BOOL_CONVERSION = YES;
				CLANG_WARN_COMMA = YES;
				CLANG_WARN_CONSTANT_CONVERSION = YES;
				CLANG_WARN_DEPRECATED_OBJC_IMPLEMENTATIONS = YES;
				CLANG_WARN_DIRECT_OBJC_ISA_USAGE = YES_ERROR;
				CLANG_WARN_DOCUMENTATION_COMMENTS = YES;
				CLANG_WARN_EMPTY_BODY = YES;
				CLANG_WARN_ENUM_CONVERSION = YES;
				CLANG_WARN_INFINITE_RECURSION = YES;
				CLANG_WARN_INT_CONVERSION = YES;
				CLANG_WARN_NON_LITERAL_NULL_CONVERSION = YES;
				CLANG_WARN_OBJC_IMPLICIT_RETAIN_SELF = YES;
				CLANG_WARN_OBJC_LITERAL_CONVERSION = YES;
				CLANG_WARN_OBJC_ROOT_CLASS = YES_ERROR;
				CLANG_WARN_QUOTED_INCLUDE_IN_FRAMEWORK_HEADER = YES;
				CLANG_WARN_RANGE_LOOP_ANALYSIS = YES;
				CLANG_WARN_STRICT_PROTOTYPES = YES;
				CLANG_WARN_SUSPICIOUS_MOVE = YES;
				CLANG_WARN_UNGUARDED_AVAILABILITY = YES_AGGRESSIVE;
				CLANG_WARN_UNREACHABLE_CODE = YES;
				CLANG_WARN__DUPLICATE_METHOD_MATCH = YES;
				COPY_PHASE_STRIP = NO;
				DEBUG_INFORMATION_FORMAT = dwarf;
				ENABLE_STRICT_OBJC_MSGSEND = YES;
				ENABLE_TESTABILITY = YES;
				GCC_C_LANGUAGE_STANDARD = gnu11;
				GCC_DYNAMIC_NO_PIC = NO;
				GCC_NO_COMMON_BLOCKS = YES;
				GCC_OPTIMIZATION_LEVEL = 0;
				GCC_PREPROCESSOR_DEFINITIONS = (
					"DEBUG=1",
					"$(inherited)",
				);
				GCC_WARN_64_TO_32_BIT_CONVERSION = YES;
				GCC_WARN_ABOUT_RETURN_TYPE = YES_ERROR;
				GCC_WARN_UNDECLARED_SELECTOR = YES;
				GCC_WARN_UNINITIALIZED_AUTOS = YES_AGGRESSIVE;
				GCC_WARN_UNUSED_FUNCTION = YES;
				GCC_WARN_UNUSED_VARIABLE = YES;
				IPHONEOS_DEPLOYMENT_TARGET = 16.2;
				MTL_ENABLE_DEBUG_INFO = INCLUDE_SOURCE;
				MTL_FAST_MATH = YES;
				ONLY_ACTIVE_ARCH = YES;
				SDKROOT = iphoneos;
				SWIFT_ACTIVE_COMPILATION_CONDITIONS = DEBUG;
				SWIFT_OPTIMIZATION_LEVEL = "-Onone";
			};
			name = Debug;
		};
		2F153F772B711C1900B87430 /* Release */ = {
			isa = XCBuildConfiguration;
			buildSettings = {
				ALWAYS_SEARCH_USER_PATHS = NO;
				CLANG_ANALYZER_NONNULL = YES;
				CLANG_ANALYZER_NUMBER_OBJECT_CONVERSION = YES_AGGRESSIVE;
				CLANG_CXX_LANGUAGE_STANDARD = "gnu++20";
				CLANG_ENABLE_MODULES = YES;
				CLANG_ENABLE_OBJC_ARC = YES;
				CLANG_ENABLE_OBJC_WEAK = YES;
				CLANG_WARN_BLOCK_CAPTURE_AUTORELEASING = YES;
				CLANG_WARN_BOOL_CONVERSION = YES;
				CLANG_WARN_COMMA = YES;
				CLANG_WARN_CONSTANT_CONVERSION = YES;
				CLANG_WARN_DEPRECATED_OBJC_IMPLEMENTATIONS = YES;
				CLANG_WARN_DIRECT_OBJC_ISA_USAGE = YES_ERROR;
				CLANG_WARN_DOCUMENTATION_COMMENTS = YES;
				CLANG_WARN_EMPTY_BODY = YES;
				CLANG_WARN_ENUM_CONVERSION = YES;
				CLANG_WARN_INFINITE_RECURSION = YES;
				CLANG_WARN_INT_CONVERSION = YES;
				CLANG_WARN_NON_LITERAL_NULL_CONVERSION = YES;
				CLANG_WARN_OBJC_IMPLICIT_RETAIN_SELF = YES;
				CLANG_WARN_OBJC_LITERAL_CONVERSION = YES;
				CLANG_WARN_OBJC_ROOT_CLASS = YES_ERROR;
				CLANG_WARN_QUOTED_INCLUDE_IN_FRAMEWORK_HEADER = YES;
				CLANG_WARN_RANGE_LOOP_ANALYSIS = YES;
				CLANG_WARN_STRICT_PROTOTYPES = YES;
				CLANG_WARN_SUSPICIOUS_MOVE = YES;
				CLANG_WARN_UNGUARDED_AVAILABILITY = YES_AGGRESSIVE;
				CLANG_WARN_UNREACHABLE_CODE = YES;
				CLANG_WARN__DUPLICATE_METHOD_MATCH = YES;
				COPY_PHASE_STRIP = NO;
				DEBUG_INFORMATION_FORMAT = "dwarf-with-dsym";
				ENABLE_NS_ASSERTIONS = NO;
				ENABLE_STRICT_OBJC_MSGSEND = YES;
				GCC_C_LANGUAGE_STANDARD = gnu11;
				GCC_NO_COMMON_BLOCKS = YES;
				GCC_WARN_64_TO_32_BIT_CONVERSION = YES;
				GCC_WARN_ABOUT_RETURN_TYPE = YES_ERROR;
				GCC_WARN_UNDECLARED_SELECTOR = YES;
				GCC_WARN_UNINITIALIZED_AUTOS = YES_AGGRESSIVE;
				GCC_WARN_UNUSED_FUNCTION = YES;
				GCC_WARN_UNUSED_VARIABLE = YES;
				IPHONEOS_DEPLOYMENT_TARGET = 16.2;
				MTL_ENABLE_DEBUG_INFO = NO;
				MTL_FAST_MATH = YES;
				SDKROOT = iphoneos;
				SWIFT_COMPILATION_MODE = wholemodule;
				SWIFT_OPTIMIZATION_LEVEL = "-O";
				VALIDATE_PRODUCT = YES;
			};
			name = Release;
		};
		2F153F792B711C1900B87430 /* Debug */ = {
			isa = XCBuildConfiguration;
			buildSettings = {
				ASSETCATALOG_COMPILER_APPICON_NAME = AppIcon;
				ASSETCATALOG_COMPILER_GLOBAL_ACCENT_COLOR_NAME = AccentColor;
				CODE_SIGN_STYLE = Automatic;
				CURRENT_PROJECT_VERSION = 1;
				DEVELOPMENT_TEAM = 9Y7C23MX88;
				GENERATE_INFOPLIST_FILE = YES;
				INFOPLIST_FILE = SimpleInAppProxyServer/Info.plist;
				INFOPLIST_KEY_UIApplicationSupportsIndirectInputEvents = YES;
				INFOPLIST_KEY_UILaunchStoryboardName = LaunchScreen;
				INFOPLIST_KEY_UIMainStoryboardFile = Main;
				INFOPLIST_KEY_UISupportedInterfaceOrientations_iPad = "UIInterfaceOrientationPortrait UIInterfaceOrientationPortraitUpsideDown UIInterfaceOrientationLandscapeLeft UIInterfaceOrientationLandscapeRight";
				INFOPLIST_KEY_UISupportedInterfaceOrientations_iPhone = "UIInterfaceOrientationPortrait UIInterfaceOrientationLandscapeLeft UIInterfaceOrientationLandscapeRight";
				LD_RUNPATH_SEARCH_PATHS = (
					"$(inherited)",
					"@executable_path/Frameworks",
				);
				MARKETING_VERSION = 1.0;
				PRODUCT_BUNDLE_IDENTIFIER = hsm.SimpleInAppProxyServer;
				PRODUCT_NAME = "$(TARGET_NAME)";
				SWIFT_EMIT_LOC_STRINGS = YES;
				SWIFT_VERSION = 5.0;
				TARGETED_DEVICE_FAMILY = "1,2";
			};
			name = Debug;
		};
		2F153F7A2B711C1900B87430 /* Release */ = {
			isa = XCBuildConfiguration;
			buildSettings = {
				ASSETCATALOG_COMPILER_APPICON_NAME = AppIcon;
				ASSETCATALOG_COMPILER_GLOBAL_ACCENT_COLOR_NAME = AccentColor;
				CODE_SIGN_STYLE = Automatic;
				CURRENT_PROJECT_VERSION = 1;
				DEVELOPMENT_TEAM = 9Y7C23MX88;
				GENERATE_INFOPLIST_FILE = YES;
				INFOPLIST_FILE = SimpleInAppProxyServer/Info.plist;
				INFOPLIST_KEY_UIApplicationSupportsIndirectInputEvents = YES;
				INFOPLIST_KEY_UILaunchStoryboardName = LaunchScreen;
				INFOPLIST_KEY_UIMainStoryboardFile = Main;
				INFOPLIST_KEY_UISupportedInterfaceOrientations_iPad = "UIInterfaceOrientationPortrait UIInterfaceOrientationPortraitUpsideDown UIInterfaceOrientationLandscapeLeft UIInterfaceOrientationLandscapeRight";
				INFOPLIST_KEY_UISupportedInterfaceOrientations_iPhone = "UIInterfaceOrientationPortrait UIInterfaceOrientationLandscapeLeft UIInterfaceOrientationLandscapeRight";
				LD_RUNPATH_SEARCH_PATHS = (
					"$(inherited)",
					"@executable_path/Frameworks",
				);
				MARKETING_VERSION = 1.0;
				PRODUCT_BUNDLE_IDENTIFIER = hsm.SimpleInAppProxyServer;
				PRODUCT_NAME = "$(TARGET_NAME)";
				SWIFT_EMIT_LOC_STRINGS = YES;
				SWIFT_VERSION = 5.0;
				TARGETED_DEVICE_FAMILY = "1,2";
			};
			name = Release;
		};
		2FA627FD2BE7FB9E0044272C /* Debug */ = {
			isa = XCBuildConfiguration;
			buildSettings = {
				ASSETCATALOG_COMPILER_GENERATE_SWIFT_ASSET_SYMBOL_EXTENSIONS = YES;
				BUNDLE_LOADER = "$(TEST_HOST)";
				CODE_SIGN_STYLE = Automatic;
				CURRENT_PROJECT_VERSION = 1;
				DEVELOPMENT_TEAM = 9Y7C23MX88;
				ENABLE_USER_SCRIPT_SANDBOXING = YES;
				GCC_C_LANGUAGE_STANDARD = gnu17;
				GENERATE_INFOPLIST_FILE = YES;
				IPHONEOS_DEPLOYMENT_TARGET = 17.4;
				LOCALIZATION_PREFERS_STRING_CATALOGS = YES;
				MACOSX_DEPLOYMENT_TARGET = 14.4;
				MARKETING_VERSION = 1.0;
				PRODUCT_BUNDLE_IDENTIFIER = hsm.SimpleInAppProxyServerTests;
				PRODUCT_NAME = "$(TARGET_NAME)";
				SDKROOT = auto;
				SUPPORTED_PLATFORMS = "iphoneos iphonesimulator macosx";
				SWIFT_ACTIVE_COMPILATION_CONDITIONS = "DEBUG $(inherited)";
				SWIFT_EMIT_LOC_STRINGS = NO;
				SWIFT_VERSION = 5.0;
				TARGETED_DEVICE_FAMILY = "1,2";
				TEST_HOST = "$(BUILT_PRODUCTS_DIR)/SimpleInAppProxyServer.app/$(BUNDLE_EXECUTABLE_FOLDER_PATH)/SimpleInAppProxyServer";
			};
			name = Debug;
		};
		2FA627FE2BE7FB9E0044272C /* Release */ = {
			isa = XCBuildConfiguration;
			buildSettings = {
				ASSETCATALOG_COMPILER_GENERATE_SWIFT_ASSET_SYMBOL_EXTENSIONS = YES;
				BUNDLE_LOADER = "$(TEST_HOST)";
				CODE_SIGN_STYLE = Automatic;
				CURRENT_PROJECT_VERSION = 1;
				DEVELOPMENT_TEAM = 9Y7C23MX88;
				ENABLE_USER_SCRIPT_SANDBOXING = YES;
				GCC_C_LANGUAGE_STANDARD = gnu17;
				GENERATE_INFOPLIST_FILE = YES;
				IPHONEOS_DEPLOYMENT_TARGET = 17.4;
				LOCALIZATION_PREFERS_STRING_CATALOGS = YES;
				MACOSX_DEPLOYMENT_TARGET = 14.4;
				MARKETING_VERSION = 1.0;
				PRODUCT_BUNDLE_IDENTIFIER = hsm.SimpleInAppProxyServerTests;
				PRODUCT_NAME = "$(TARGET_NAME)";
				SDKROOT = auto;
				SUPPORTED_PLATFORMS = "iphoneos iphonesimulator macosx";
				SWIFT_EMIT_LOC_STRINGS = NO;
				SWIFT_VERSION = 5.0;
				TARGETED_DEVICE_FAMILY = "1,2";
				TEST_HOST = "$(BUILT_PRODUCTS_DIR)/SimpleInAppProxyServer.app/$(BUNDLE_EXECUTABLE_FOLDER_PATH)/SimpleInAppProxyServer";
			};
			name = Release;
		};
/* End XCBuildConfiguration section */

/* Begin XCConfigurationList section */
		2F153F5F2B711C1800B87430 /* Build configuration list for PBXProject "SimpleInAppProxyServer" */ = {
			isa = XCConfigurationList;
			buildConfigurations = (
				2F153F762B711C1900B87430 /* Debug */,
				2F153F772B711C1900B87430 /* Release */,
			);
			defaultConfigurationIsVisible = 0;
			defaultConfigurationName = Release;
		};
		2F153F782B711C1900B87430 /* Build configuration list for PBXNativeTarget "SimpleInAppProxyServer" */ = {
			isa = XCConfigurationList;
			buildConfigurations = (
				2F153F792B711C1900B87430 /* Debug */,
				2F153F7A2B711C1900B87430 /* Release */,
			);
			defaultConfigurationIsVisible = 0;
			defaultConfigurationName = Release;
		};
		2FA627FC2BE7FB9E0044272C /* Build configuration list for PBXNativeTarget "SimpleInAppProxyServerTests" */ = {
			isa = XCConfigurationList;
			buildConfigurations = (
				2FA627FD2BE7FB9E0044272C /* Debug */,
				2FA627FE2BE7FB9E0044272C /* Release */,
			);
			defaultConfigurationIsVisible = 0;
			defaultConfigurationName = Release;
		};
/* End XCConfigurationList section */
	};
	rootObject = 2F153F5C2B711C1800B87430 /* Project object */;
}
